// !$*UTF8*$!
{
	archiveVersion = 1;
	classes = {
	};
	objectVersion = 46;
	objects = {

/* Begin PBXBuildFile section */
		BD99F8981B9F4E650003B36F /* AppDelegate.swift in Sources */ = {isa = PBXBuildFile; fileRef = BD99F8971B9F4E650003B36F /* AppDelegate.swift */; };
		BD99F89A1B9F4E650003B36F /* ViewController.swift in Sources */ = {isa = PBXBuildFile; fileRef = BD99F8991B9F4E650003B36F /* ViewController.swift */; };
		BD99F89D1B9F4E650003B36F /* Main.storyboard in Resources */ = {isa = PBXBuildFile; fileRef = BD99F89B1B9F4E650003B36F /* Main.storyboard */; };
		BD99F89F1B9F4E650003B36F /* Images.xcassets in Resources */ = {isa = PBXBuildFile; fileRef = BD99F89E1B9F4E650003B36F /* Images.xcassets */; };
		BD99F8A21B9F4E650003B36F /* LaunchScreen.xib in Resources */ = {isa = PBXBuildFile; fileRef = BD99F8A01B9F4E650003B36F /* LaunchScreen.xib */; };
		BD99F8AE1B9F4E650003B36F /* MeMe_V1Tests.swift in Sources */ = {isa = PBXBuildFile; fileRef = BD99F8AD1B9F4E650003B36F /* MeMe_V1Tests.swift */; };
		BD9FC5C81BACCBDE0052B185 /* meme.swift in Sources */ = {isa = PBXBuildFile; fileRef = BD9FC5C71BACCBDE0052B185 /* meme.swift */; settings = {ASSET_TAGS = (); }; };
/* End PBXBuildFile section */

/* Begin PBXContainerItemProxy section */
		BD99F8A81B9F4E650003B36F /* PBXContainerItemProxy */ = {
			isa = PBXContainerItemProxy;
			containerPortal = BD99F88A1B9F4E650003B36F /* Project object */;
			proxyType = 1;
			remoteGlobalIDString = BD99F8911B9F4E650003B36F;
			remoteInfo = MeMe_V1;
		};
/* End PBXContainerItemProxy section */

/* Begin PBXFileReference section */
		BD99F8921B9F4E650003B36F /* MeMe_V2.app */ = {isa = PBXFileReference; explicitFileType = wrapper.application; includeInIndex = 0; path = MeMe_V2.app; sourceTree = BUILT_PRODUCTS_DIR; };
		BD99F8961B9F4E650003B36F /* Info.plist */ = {isa = PBXFileReference; lastKnownFileType = text.plist.xml; path = Info.plist; sourceTree = "<group>"; };
		BD99F8971B9F4E650003B36F /* AppDelegate.swift */ = {isa = PBXFileReference; lastKnownFileType = sourcecode.swift; path = AppDelegate.swift; sourceTree = "<group>"; };
		BD99F8991B9F4E650003B36F /* ViewController.swift */ = {isa = PBXFileReference; lastKnownFileType = sourcecode.swift; path = ViewController.swift; sourceTree = "<group>"; };
		BD99F89C1B9F4E650003B36F /* Base */ = {isa = PBXFileReference; lastKnownFileType = file.storyboard; name = Base; path = Base.lproj/Main.storyboard; sourceTree = "<group>"; };
		BD99F89E1B9F4E650003B36F /* Images.xcassets */ = {isa = PBXFileReference; lastKnownFileType = folder.assetcatalog; path = Images.xcassets; sourceTree = "<group>"; };
		BD99F8A11B9F4E650003B36F /* Base */ = {isa = PBXFileReference; lastKnownFileType = file.xib; name = Base; path = Base.lproj/LaunchScreen.xib; sourceTree = "<group>"; };
		BD99F8A71B9F4E650003B36F /* MeMe_V2.xctest */ = {isa = PBXFileReference; explicitFileType = wrapper.cfbundle; includeInIndex = 0; path = MeMe_V2.xctest; sourceTree = BUILT_PRODUCTS_DIR; };
		BD99F8AC1B9F4E650003B36F /* Info.plist */ = {isa = PBXFileReference; lastKnownFileType = text.plist.xml; path = Info.plist; sourceTree = "<group>"; };
		BD99F8AD1B9F4E650003B36F /* MeMe_V1Tests.swift */ = {isa = PBXFileReference; lastKnownFileType = sourcecode.swift; path = MeMe_V1Tests.swift; sourceTree = "<group>"; };
		BD9FC5C71BACCBDE0052B185 /* meme.swift */ = {isa = PBXFileReference; fileEncoding = 4; lastKnownFileType = sourcecode.swift; path = meme.swift; sourceTree = "<group>"; };
/* End PBXFileReference section */

/* Begin PBXFrameworksBuildPhase section */
		BD99F88F1B9F4E650003B36F /* Frameworks */ = {
			isa = PBXFrameworksBuildPhase;
			buildActionMask = 2147483647;
			files = (
			);
			runOnlyForDeploymentPostprocessing = 0;
		};
		BD99F8A41B9F4E650003B36F /* Frameworks */ = {
			isa = PBXFrameworksBuildPhase;
			buildActionMask = 2147483647;
			files = (
			);
			runOnlyForDeploymentPostprocessing = 0;
		};
/* End PBXFrameworksBuildPhase section */

/* Begin PBXGroup section */
		BD99F8891B9F4E650003B36F = {
			isa = PBXGroup;
			children = (
				BD99F8941B9F4E650003B36F /* MeMe_V1 */,
				BD99F8AA1B9F4E650003B36F /* MeMe_V1Tests */,
				BD99F8931B9F4E650003B36F /* Products */,
			);
			sourceTree = "<group>";
		};
		BD99F8931B9F4E650003B36F /* Products */ = {
			isa = PBXGroup;
			children = (
				BD99F8921B9F4E650003B36F /* MeMe_V2.app */,
				BD99F8A71B9F4E650003B36F /* MeMe_V2.xctest */,
			);
			name = Products;
			sourceTree = "<group>";
		};
		BD99F8941B9F4E650003B36F /* MeMe_V1 */ = {
			isa = PBXGroup;
			children = (
				BD99F8971B9F4E650003B36F /* AppDelegate.swift */,
				BD99F8991B9F4E650003B36F /* ViewController.swift */,
				BD99F89B1B9F4E650003B36F /* Main.storyboard */,
				BD99F89E1B9F4E650003B36F /* Images.xcassets */,
				BD99F8A01B9F4E650003B36F /* LaunchScreen.xib */,
				BD99F8951B9F4E650003B36F /* Supporting Files */,
				BD9FC5C71BACCBDE0052B185 /* meme.swift */,
			);
			path = MeMe_V1;
			sourceTree = "<group>";
		};
		BD99F8951B9F4E650003B36F /* Supporting Files */ = {
			isa = PBXGroup;
			children = (
				BD99F8961B9F4E650003B36F /* Info.plist */,
			);
			name = "Supporting Files";
			sourceTree = "<group>";
		};
		BD99F8AA1B9F4E650003B36F /* MeMe_V1Tests */ = {
			isa = PBXGroup;
			children = (
				BD99F8AD1B9F4E650003B36F /* MeMe_V1Tests.swift */,
				BD99F8AB1B9F4E650003B36F /* Supporting Files */,
			);
			path = MeMe_V1Tests;
			sourceTree = "<group>";
		};
		BD99F8AB1B9F4E650003B36F /* Supporting Files */ = {
			isa = PBXGroup;
			children = (
				BD99F8AC1B9F4E650003B36F /* Info.plist */,
			);
			name = "Supporting Files";
			sourceTree = "<group>";
		};
/* End PBXGroup section */

/* Begin PBXNativeTarget section */
		BD99F8911B9F4E650003B36F /* MeMe_V2 */ = {
			isa = PBXNativeTarget;
			buildConfigurationList = BD99F8B11B9F4E650003B36F /* Build configuration list for PBXNativeTarget "MeMe_V2" */;
			buildPhases = (
				BD99F88E1B9F4E650003B36F /* Sources */,
				BD99F88F1B9F4E650003B36F /* Frameworks */,
				BD99F8901B9F4E650003B36F /* Resources */,
			);
			buildRules = (
			);
			dependencies = (
			);
			name = MeMe_V2;
			productName = MeMe_V1;
			productReference = BD99F8921B9F4E650003B36F /* MeMe_V2.app */;
			productType = "com.apple.product-type.application";
		};
		BD99F8A61B9F4E650003B36F /* MeMe_V2Tests */ = {
			isa = PBXNativeTarget;
			buildConfigurationList = BD99F8B41B9F4E650003B36F /* Build configuration list for PBXNativeTarget "MeMe_V2Tests" */;
			buildPhases = (
				BD99F8A31B9F4E650003B36F /* Sources */,
				BD99F8A41B9F4E650003B36F /* Frameworks */,
				BD99F8A51B9F4E650003B36F /* Resources */,
			);
			buildRules = (
			);
			dependencies = (
				BD99F8A91B9F4E650003B36F /* PBXTargetDependency */,
			);
			name = MeMe_V2Tests;
			productName = MeMe_V1Tests;
			productReference = BD99F8A71B9F4E650003B36F /* MeMe_V2.xctest */;
			productType = "com.apple.product-type.bundle.unit-test";
		};
/* End PBXNativeTarget section */

/* Begin PBXProject section */
		BD99F88A1B9F4E650003B36F /* Project object */ = {
			isa = PBXProject;
			attributes = {
				LastSwiftUpdateCheck = 0700;
				LastUpgradeCheck = 0700;
				ORGANIZATIONNAME = "CelG Mobile LLC";
				TargetAttributes = {
					BD99F8911B9F4E650003B36F = {
						CreatedOnToolsVersion = 6.4;
					};
					BD99F8A61B9F4E650003B36F = {
						CreatedOnToolsVersion = 6.4;
						TestTargetID = BD99F8911B9F4E650003B36F;
					};
				};
			};
			buildConfigurationList = BD99F88D1B9F4E650003B36F /* Build configuration list for PBXProject "MeMe_V2" */;
			compatibilityVersion = "Xcode 3.2";
			developmentRegion = English;
			hasScannedForEncodings = 0;
			knownRegions = (
				en,
				Base,
			);
			mainGroup = BD99F8891B9F4E650003B36F;
			productRefGroup = BD99F8931B9F4E650003B36F /* Products */;
			projectDirPath = "";
			projectRoot = "";
			targets = (
				BD99F8911B9F4E650003B36F /* MeMe_V2 */,
				BD99F8A61B9F4E650003B36F /* MeMe_V2Tests */,
			);
		};
/* End PBXProject section */

/* Begin PBXResourcesBuildPhase section */
		BD99F8901B9F4E650003B36F /* Resources */ = {
			isa = PBXResourcesBuildPhase;
			buildActionMask = 2147483647;
			files = (
				BD99F89D1B9F4E650003B36F /* Main.storyboard in Resources */,
				BD99F8A21B9F4E650003B36F /* LaunchScreen.xib in Resources */,
				BD99F89F1B9F4E650003B36F /* Images.xcassets in Resources */,
			);
			runOnlyForDeploymentPostprocessing = 0;
		};
		BD99F8A51B9F4E650003B36F /* Resources */ = {
			isa = PBXResourcesBuildPhase;
			buildActionMask = 2147483647;
			files = (
			);
			runOnlyForDeploymentPostprocessing = 0;
		};
/* End PBXResourcesBuildPhase section */

/* Begin PBXSourcesBuildPhase section */
		BD99F88E1B9F4E650003B36F /* Sources */ = {
			isa = PBXSourcesBuildPhase;
			buildActionMask = 2147483647;
			files = (
				BD99F89A1B9F4E650003B36F /* ViewController.swift in Sources */,
				BD99F8981B9F4E650003B36F /* AppDelegate.swift in Sources */,
				BD9FC5C81BACCBDE0052B185 /* meme.swift in Sources */,
			);
			runOnlyForDeploymentPostprocessing = 0;
		};
		BD99F8A31B9F4E650003B36F /* Sources */ = {
			isa = PBXSourcesBuildPhase;
			buildActionMask = 2147483647;
			files = (
				BD99F8AE1B9F4E650003B36F /* MeMe_V1Tests.swift in Sources */,
			);
			runOnlyForDeploymentPostprocessing = 0;
		};
/* End PBXSourcesBuildPhase section */

/* Begin PBXTargetDependency section */
		BD99F8A91B9F4E650003B36F /* PBXTargetDependency */ = {
			isa = PBXTargetDependency;
			target = BD99F8911B9F4E650003B36F /* MeMe_V2 */;
			targetProxy = BD99F8A81B9F4E650003B36F /* PBXContainerItemProxy */;
		};
/* End PBXTargetDependency section */

/* Begin PBXVariantGroup section */
		BD99F89B1B9F4E650003B36F /* Main.storyboard */ = {
			isa = PBXVariantGroup;
			children = (
				BD99F89C1B9F4E650003B36F /* Base */,
			);
			name = Main.storyboard;
			sourceTree = "<group>";
		};
		BD99F8A01B9F4E650003B36F /* LaunchScreen.xib */ = {
			isa = PBXVariantGroup;
			children = (
				BD99F8A11B9F4E650003B36F /* Base */,
			);
			name = LaunchScreen.xib;
			sourceTree = "<group>";
		};
/* End PBXVariantGroup section */

/* Begin XCBuildConfiguration section */
		BD99F8AF1B9F4E650003B36F /* Debug */ = {
			isa = XCBuildConfiguration;
			buildSettings = {
				ALWAYS_SEARCH_USER_PATHS = NO;
				CLANG_CXX_LANGUAGE_STANDARD = "gnu++0x";
				CLANG_CXX_LIBRARY = "libc++";
				CLANG_ENABLE_MODULES = YES;
				CLANG_ENABLE_OBJC_ARC = YES;
				CLANG_WARN_BOOL_CONVERSION = YES;
				CLANG_WARN_CONSTANT_CONVERSION = YES;
				CLANG_WARN_DIRECT_OBJC_ISA_USAGE = YES_ERROR;
				CLANG_WARN_EMPTY_BODY = YES;
				CLANG_WARN_ENUM_CONVERSION = YES;
				CLANG_WARN_INT_CONVERSION = YES;
				CLANG_WARN_OBJC_ROOT_CLASS = YES_ERROR;
				CLANG_WARN_UNREACHABLE_CODE = YES;
				CLANG_WARN__DUPLICATE_METHOD_MATCH = YES;
				"CODE_SIGN_IDENTITY[sdk=iphoneos*]" = "iPhone Developer";
				COPY_PHASE_STRIP = NO;
				DEBUG_INFORMATION_FORMAT = "dwarf-with-dsym";
				ENABLE_STRICT_OBJC_MSGSEND = YES;
				ENABLE_TESTABILITY = YES;
				GCC_C_LANGUAGE_STANDARD = gnu99;
				GCC_DYNAMIC_NO_PIC = NO;
				GCC_NO_COMMON_BLOCKS = YES;
				GCC_OPTIMIZATION_LEVEL = 0;
				GCC_PREPROCESSOR_DEFINITIONS = (
					"DEBUG=1",
					"$(inherited)",
				);
				GCC_SYMBOLS_PRIVATE_EXTERN = NO;
				GCC_WARN_64_TO_32_BIT_CONVERSION = YES;
				GCC_WARN_ABOUT_RETURN_TYPE = YES_ERROR;
				GCC_WARN_UNDECLARED_SELECTOR = YES;
				GCC_WARN_UNINITIALIZED_AUTOS = YES_AGGRESSIVE;
				GCC_WARN_UNUSED_FUNCTION = YES;
				GCC_WARN_UNUSED_VARIABLE = YES;
				IPHONEOS_DEPLOYMENT_TARGET = 8.4;
				MTL_ENABLE_DEBUG_INFO = YES;
				ONLY_ACTIVE_ARCH = YES;
				SDKROOT = iphoneos;
				SWIFT_OPTIMIZATION_LEVEL = "-Onone";
			};
			name = Debug;
		};
		BD99F8B01B9F4E650003B36F /* Release */ = {
			isa = XCBuildConfiguration;
			buildSettings = {
				ALWAYS_SEARCH_USER_PATHS = NO;
				CLANG_CXX_LANGUAGE_STANDARD = "gnu++0x";
				CLANG_CXX_LIBRARY = "libc++";
				CLANG_ENABLE_MODULES = YES;
				CLANG_ENABLE_OBJC_ARC = YES;
				CLANG_WARN_BOOL_CONVERSION = YES;
				CLANG_WARN_CONSTANT_CONVERSION = YES;
				CLANG_WARN_DIRECT_OBJC_ISA_USAGE = YES_ERROR;
				CLANG_WARN_EMPTY_BODY = YES;
				CLANG_WARN_ENUM_CONVERSION = YES;
				CLANG_WARN_INT_CONVERSION = YES;
				CLANG_WARN_OBJC_ROOT_CLASS = YES_ERROR;
				CLANG_WARN_UNREACHABLE_CODE = YES;
				CLANG_WARN__DUPLICATE_METHOD_MATCH = YES;
				"CODE_SIGN_IDENTITY[sdk=iphoneos*]" = "iPhone Developer";
				COPY_PHASE_STRIP = NO;
				DEBUG_INFORMATION_FORMAT = "dwarf-with-dsym";
				ENABLE_NS_ASSERTIONS = NO;
				ENABLE_STRICT_OBJC_MSGSEND = YES;
				GCC_C_LANGUAGE_STANDARD = gnu99;
				GCC_NO_COMMON_BLOCKS = YES;
				GCC_WARN_64_TO_32_BIT_CONVERSION = YES;
				GCC_WARN_ABOUT_RETURN_TYPE = YES_ERROR;
				GCC_WARN_UNDECLARED_SELECTOR = YES;
				GCC_WARN_UNINITIALIZED_AUTOS = YES_AGGRESSIVE;
				GCC_WARN_UNUSED_FUNCTION = YES;
				GCC_WARN_UNUSED_VARIABLE = YES;
				IPHONEOS_DEPLOYMENT_TARGET = 8.4;
				MTL_ENABLE_DEBUG_INFO = NO;
				SDKROOT = iphoneos;
				VALIDATE_PRODUCT = YES;
			};
			name = Release;
		};
		BD99F8B21B9F4E650003B36F /* Debug */ = {
			isa = XCBuildConfiguration;
			buildSettings = {
				ASSETCATALOG_COMPILER_APPICON_NAME = AppIcon;
				INFOPLIST_FILE = MeMe_V1/Info.plist;
				LD_RUNPATH_SEARCH_PATHS = "$(inherited) @executable_path/Frameworks";
				PRODUCT_BUNDLE_IDENTIFIER = "celgmobile.com.$(PRODUCT_NAME:rfc1034identifier)";
				PRODUCT_NAME = MeMe_V2;
			};
			name = Debug;
		};
		BD99F8B31B9F4E650003B36F /* Release */ = {
			isa = XCBuildConfiguration;
			buildSettings = {
				ASSETCATALOG_COMPILER_APPICON_NAME = AppIcon;
				INFOPLIST_FILE = MeMe_V1/Info.plist;
				LD_RUNPATH_SEARCH_PATHS = "$(inherited) @executable_path/Frameworks";
				PRODUCT_BUNDLE_IDENTIFIER = "celgmobile.com.$(PRODUCT_NAME:rfc1034identifier)";
				PRODUCT_NAME = MeMe_V2;
			};
			name = Release;
		};
		BD99F8B51B9F4E650003B36F /* Debug */ = {
			isa = XCBuildConfiguration;
			buildSettings = {
				BUNDLE_LOADER = "$(TEST_HOST)";
				FRAMEWORK_SEARCH_PATHS = (
					"$(SDKROOT)/Developer/Library/Frameworks",
					"$(inherited)",
				);
				GCC_PREPROCESSOR_DEFINITIONS = (
					"DEBUG=1",
					"$(inherited)",
				);
				INFOPLIST_FILE = MeMe_V1Tests/Info.plist;
				LD_RUNPATH_SEARCH_PATHS = "$(inherited) @executable_path/Frameworks @loader_path/Frameworks";
				PRODUCT_BUNDLE_IDENTIFIER = "celgmobile.com.$(PRODUCT_NAME:rfc1034identifier)";
				PRODUCT_NAME = MeMe_V2;
				TEST_HOST = "$(BUILT_PRODUCTS_DIR)/MeMe_V2.app/MeMe_V2";
			};
			name = Debug;
		};
		BD99F8B61B9F4E650003B36F /* Release */ = {
			isa = XCBuildConfiguration;
			buildSettings = {
				BUNDLE_LOADER = "$(TEST_HOST)";
				FRAMEWORK_SEARCH_PATHS = (
					"$(SDKROOT)/Developer/Library/Frameworks",
					"$(inherited)",
				);
				INFOPLIST_FILE = MeMe_V1Tests/Info.plist;
				LD_RUNPATH_SEARCH_PATHS = "$(inherited) @executable_path/Frameworks @loader_path/Frameworks";
				PRODUCT_BUNDLE_IDENTIFIER = "celgmobile.com.$(PRODUCT_NAME:rfc1034identifier)";
				PRODUCT_NAME = MeMe_V2;
				TEST_HOST = "$(BUILT_PRODUCTS_DIR)/MeMe_V2.app/MeMe_V2";
			};
			name = Release;
		};
/* End XCBuildConfiguration section */

/* Begin XCConfigurationList section */
		BD99F88D1B9F4E650003B36F /* Build configuration list for PBXProject "MeMe_V2" */ = {
			isa = XCConfigurationList;
			buildConfigurations = (
				BD99F8AF1B9F4E650003B36F /* Debug */,
				BD99F8B01B9F4E650003B36F /* Release */,
			);
			defaultConfigurationIsVisible = 0;
			defaultConfigurationName = Release;
		};
		BD99F8B11B9F4E650003B36F /* Build configuration list for PBXNativeTarget "MeMe_V2" */ = {
			isa = XCConfigurationList;
			buildConfigurations = (
				BD99F8B21B9F4E650003B36F /* Debug */,
				BD99F8B31B9F4E650003B36F /* Release */,
			);
			defaultConfigurationIsVisible = 0;
			defaultConfigurationName = Release;
		};
		BD99F8B41B9F4E650003B36F /* Build configuration list for PBXNativeTarget "MeMe_V2Tests" */ = {
			isa = XCConfigurationList;
			buildConfigurations = (
				BD99F8B51B9F4E650003B36F /* Debug */,
				BD99F8B61B9F4E650003B36F /* Release */,
			);
			defaultConfigurationIsVisible = 0;
			defaultConfigurationName = Release;
		};
/* End XCConfigurationList section */
	};
	rootObject = BD99F88A1B9F4E650003B36F /* Project object */;
}
